github.com/aws/aws-sdk-go-v2 v1.9.1/go.mod h1:cK/D0BBs0b/oWPIcX/Z/obahJK1TT7IPVjy53i/mX/4=
github.com/aws/aws-sdk-go-v2 v1.16.15/go.mod h1:SwiyXi/1zTUZ6KIAmLK5V5ll8SiURNUYOqTerZPaF9k=
github.com/aws/aws-sdk-go-v2 v1.17.4 h1:wyC6p9Yfq6V2y98wfDsj6OnNQa4w2BLGCLIxzNhwOGY=
github.com/aws/aws-sdk-go-v2 v1.17.4/go.mod h1:uzbQtefpm44goOPmdKyAlXSNcwlRgF3ePWVW6EtJvvw=
github.com/aws/aws-sdk-go-v2/config v1.18.12 h1:fKs/I4wccmfrNRO9rdrbMO1NgLxct6H9rNMiPdBxHWw=
github.com/aws/aws-sdk-go-v2/config v1.18.12/go.mod h1:J36fOhj1LQBr+O4hJCiT8FwVvieeoSGOtPuvhKlsNu8=
github.com/aws/aws-sdk-go-v2/credentials v1.13.12 h1:Cb+HhuEnV19zHRaYYVglwvdHGMJWbdsyP4oHhw04xws=
github.com/aws/aws-sdk-go-v2/credentials v1.13.12/go.mod h1:37HG2MBroXK3jXfxVGtbM2J48ra2+Ltu+tmwr/jO0KA=
github.com/aws/aws-sdk-go-v2/feature/ec2/imds v1.12.22 h1:3aMfcTmoXtTZnaT86QlVaYh+BRMbvrrmZwIQ5jWqCZQ=
github.com/aws/aws-sdk-go-v2/feature/ec2/imds v1.12.22/go.mod h1:YGSIJyQ6D6FjKMQh16hVFSIUD54L4F7zTGePqYMYYJU=
github.com/aws/aws-sdk-go-v2/internal/configsources v1.1.22/go.mod h1:/vNv5Al0bpiF8YdX2Ov6Xy05VTiXsql94yUqJMYaj0w=
github.com/aws/aws-sdk-go-v2/internal/configsources v1.1.28 h1:r+XwaCLpIvCKjBIYy/HVZujQS9tsz5ohHG3ZIe0wKoE=
github.com/aws/aws-sdk-go-v2/internal/configsources v1.1.28/go.mod h1:3lwChorpIM/BhImY/hy+Z6jekmN92cXGPI1QJasVPYY=
github.com/aws/aws-sdk-go-v2/internal/endpoints/v2 v2.4.16/go.mod h1:62dsXI0BqTIGomDl8Hpm33dv0OntGaVblri3ZRParVQ=
github.com/aws/aws-sdk-go-v2/internal/endpoints/v2 v2.4.22 h1:7AwGYXDdqRQYsluvKFmWoqpcOQJ4bH634SkYf3FNj/A=
github.com/aws/aws-sdk-go-v2/internal/endpoints/v2 v2.4.22/go.mod h1:EqK7gVrIGAHyZItrD1D8B0ilgwMD1GiWAmbU4u/JHNk=
github.com/aws/aws-sdk-go-v2/internal/ini v1.3.29 h1:J4xhFd6zHhdF9jPP0FQJ6WknzBboGMBNjKOv4iTuw4A=
github.com/aws/aws-sdk-go-v2/internal/ini v1.3.29/go.mod h1:TwuqRBGzxjQJIwH16/fOZodwXt2Zxa9/cwJC5ke4j7s=
github.com/aws/aws-sdk-go-v2/service/applicationautoscaling v1.6.1 h1:GB8NwoL/ok9BnWs96YuL99juFSitccuL+wcxwXZJ4Z4=
github.com/aws/aws-sdk-go-v2/service/applicationautoscaling v1.6.1/go.mod h1:5sbCQcg+GEk0yy4RuvqqKhnZqpwvwSADS9hcJn1Qnkg=
github.com/aws/aws-sdk-go-v2/service/ecs v1.9.1 h1:hWoNQzYRnxINr3jGqSwvi2T1H7fan8lbjo5A89I+ktE=
github.com/aws/aws-sdk-go-v2/service/ecs v1.9.1/go.mod h1:kDzqpv7HB2VgFXMlVBszF6ZCLkac6EmYjd9v5SyJcdI=
github.com/aws/aws-sdk-go-v2/service/internal/presigned-url v1.9.22 h1:LjFQf8hFuMO22HkV5VWGLBvmCLBCLPivUAmpdpnp4Vs=
github.com/aws/aws-sdk-go-v2/service/internal/presigned-url v1.9.22/go.mod h1:xt0Au8yPIwYXf/GYPy/vl4K3CgwhfQMYbrH7DlUUIws=
github.com/aws/aws-sdk-go-v2/service/secretsmanager v1.16.0 h1:Lh1yssM4dinNZuESsXnbi+pID8hoviejLZdLmT175i8=
github.com/aws/aws-sdk-go-v2/service/secretsmanager v1.16.0/go.mod h1:z0y2iDaghoq7uv6kndhrJCTzgVckv8Aak8kpnu2kYjs=
github.com/aws/aws-sdk-go-v2/service/sso v1.12.1 h1:lQKN/LNa3qqu2cDOQZybP7oL4nMGGiFqob0jZJaR8/4=
github.com/aws/aws-sdk-go-v2/service/sso v1.12.1/go.mod h1:IgV8l3sj22nQDd5qcAGY0WenwCzCphqdbFOpfktZPrI=
github.com/aws/aws-sdk-go-v2/service/ssooidc v1.14.1 h1:0bLhH6DRAqox+g0LatcjGKjjhU6Eudyys6HB6DJVPj8=
github.com/aws/aws-sdk-go-v2/service/ssooidc v1.14.1/go.mod h1:O1YSOg3aekZibh2SngvCRRG+cRHKKlYgxf/JBF/Kr/k=
github.com/aws/aws-sdk-go-v2/service/sts v1.18.3 h1:s49mSnsBZEXjfGBkRfmK+nPqzT7Lt3+t2SmAKNyHblw=
github.com/aws/aws-sdk-go-v2/service/sts v1.18.3/go.mod h1:b+psTJn33Q4qGoDaM7ZiOVVG8uVjGI6HaZ8WBHdgDgU=
github.com/aws/smithy-go v1.8.0/go.mod h1:SObp3lf9smib00L/v3U2eAKG8FyQ7iLrJnQiAmR5n+E=
github.com/aws/smithy-go v1.13.3/go.mod h1:Tg+OJXh4MB2R/uN61Ko2f6hTZwB/ZYGOtib8J3gBHzA=
github.com/aws/smithy-go v1.13.5 h1:hgz0X/DX0dGqTYpGALqXJoRKRj5oQ7150i5FdTePzO8=
github.com/aws/smithy-go v1.13.5/go.mod h1:Tg+OJXh4MB2R/uN61Ko2f6hTZwB/ZYGOtib8J3gBHzA=
github.com/davecgh/go-spew v1.1.0 h1:ZDRjVQ15GmhC3fiQ8ni8+OwkZQO4DARzQgrnXU1Liz8=
github.com/davecgh/go-spew v1.1.0/go.mod h1:J7Y8YcW2NihsgmVo/mv3lAwl/skON4iLHjSsI+c5H38=
github.com/google/go-cmp v0.5.4/go.mod h1:v8dTdLbMG2kIc/vJvl+f65V22dbkXbowE6jgT/gNBxE=
github.com/google/go-cmp v0.5.6/go.mod h1:v8dTdLbMG2kIc/vJvl+f65V22dbkXbowE6jgT/gNBxE=
github.com/google/go-cmp v0.5.8 h1:e6P7q2lk1O+qJJb4BtCQXlK8vWEO8V1ZeuEdJNOqZyg=
github.com/google/go-cmp v0.5.8/go.mod h1:17dUlkBOakJ0+DkrSSNjCkIjxS6bF9zb3elmeNGIjoY=
github.com/jmespath/go-jmespath v0.4.0 h1:BEgLn5cpjn8UN1mAw4NjwDrS35OdebyEtFe+9YPoQUg=
github.com/jmespath/go-jmespath v0.4.0/go.mod h1:T8mJZnbsbmF+m6zOOFylbeCJqk5+pHWvzYPziyZiYoo=
github.com/jmespath/go-jmespath/internal/testify v1.5.1 h1:shLQSRRSCCPj3f2gpwzGwWFoC7ycTf1rcQZHOlsJ6N8=
github.com/jmespath/go-jmespath/internal/testify v1.5.1/go.mod h1:L3OGu8Wl2/fWfCI6z80xFu9LTZmf1ZRjMHUOPmWr69U=
github.com/pkg/errors v0.9.1 h1:FEBLx1zS214owpjy7qsBeixbURkuhQAwrK5UwLGTwt4=
github.com/pkg/errors v0.9.1/go.mod h1:bwawxfHBFNV+L2hUp1rHADufV3IMtnDRdf1r5NINEl0=
github.com/pmezard/go-difflib v1.0.0 h1:4DBwDE0NGyQoBHbLQYPwSUPoCMWR5BEzIk/f1lZbAQM=
github.com/pmezard/go-difflib v1.0.0/go.mod h1:iKH77koFhYxTK1pcRnkKkqfTogsbg7gZNVY4sRDYZ/4=
github.com/stretchr/objx v0.1.0/go.mod h1:HFkY916IF+rwdDfMAkV7OtwuqBVzrE8GR6GFx+wExME=
golang.org/x/xerrors v0.0.0-20191204190536-9bdfabe68543/go.mod h1:I/5z698sn9Ka8TeJc9MKroUUfqBBauWjQqLJ2OPfmY0=
gopkg.in/check.v1 v0.0.0-20161208181325-20d25e280405/go.mod h1:Co6ibVJAznAaIkqp8huTwlJQCZ016jof/cbN4VW5Yz0=
gopkg.in/yaml.v2 v2.2.8 h1:obN1ZagJSUGI0Ek/LBmuj4SNLPfIny3KsKFopxRdj10=
gopkg.in/yaml.v2 v2.2.8/go.mod h1:hI93XBmqTisBFMUTm0b8Fm+jr3Dg1NNxqwp+5A1VGuI=
gotest.tools v2.2.0+incompatible h1:VsBPFP1AI068pPrMxtb/S8Zkgf9xEmTLJjfM+P5UIEo=
gotest.tools v2.2.0+incompatible/go.mod h1:DsYFclhRJ6vuDpmuTbkuFWG+y2sxOXAzmJt81HFBacw=
